# This file was autogenerated by Stack.
# You should not edit this file by hand.
# For more information, please see the documentation at:
#   https://docs.haskellstack.org/en/stable/lock_files

packages:
- completed:
    cabal-file:
      size: 1259
      sha256: 7b2d8e0475a46961d07ddfb91dee618de70eff55d9ba0402ebeac1f9dcf9b18b
    name: terminal-size
    version: 0.3.2.1
    git: https://github.com/bradrn/terminal-size
    pantry-tree:
      size: 831
      sha256: d6ae3565cec1a0f6d14ab687884d668633c297005723d96986a2c0012d4fd245
    commit: 591033712003b58f8c61dba0fc60e95439df9c9b
  original:
    git: https://github.com/bradrn/terminal-size
    commit: 591033712003b58f8c61dba0fc60e95439df9c9b
snapshots:
- completed:
    size: 524154
    url: https://raw.githubusercontent.com/commercialhaskell/stackage-snapshots/master/lts/14/20.yaml
    sha256: 2f5099f69ddb6abfe64400fe1e6a604e8e628f55e6837211cd70a81eb0a8fa4d
  original: lts-14.20
