# This file was autogenerated by Stack.
# You should not edit this file by hand.
# For more information, please see the documentation at:
#   https://docs.haskellstack.org/en/stable/lock_files

packages:
- completed:
    cabal-file:
      size: 1259
      sha256: 7b2d8e0475a46961d07ddfb91dee618de70eff55d9ba0402ebeac1f9dcf9b18b
    name: terminal-size
    version: 0.3.2.1
    git: https://github.com/bradrn/terminal-size
    pantry-tree:
      size: 831
      sha256: d6ae3565cec1a0f6d14ab687884d668633c297005723d96986a2c0012d4fd245
    commit: 591033712003b58f8c61dba0fc60e95439df9c9b
  original:
    git: https://github.com/bradrn/terminal-size
    commit: 591033712003b58f8c61dba0fc60e95439df9c9b
- completed:
    hackage: network-2.8.0.1@sha256:0f165dffa752d8cde30c2bde86f80609c4f1dc5eeb3182d593041f97839c5b3b,3011
    pantry-tree:
      size: 2488
      sha256: 2dbdda2225969dcd452d983a2ac7e52341e5fc1df76103342c9fac08fc686931
  original:
    hackage: network-2.8.0.1
- completed:
    hackage: bytestring-0.10.8.2@sha256:0a58355cb91bc9930f951a6d14f5fb4a6022647c3aab2b7223e888843bb6a832,8921
    pantry-tree:
      size: 2788
      sha256: 5ebb0fddb2f9cdf4a295bbb610279ba7651547355d882942ad08c62efb00183c
  original:
    hackage: bytestring-0.10.8.2
- completed:
    hackage: network-house-0.1.0.2@sha256:12233ef0f9a9039d970691941db1254f6dc44763f16b7ce0ef8b73a044aeacae,1847
    pantry-tree:
      size: 1926
      sha256: 5613c97ff99c92b70e6984c3df41a1a58d21c061ab9d776efc264a3a6d4cb592
  original:
    hackage: network-house-0.1.0.2
- completed:
    hackage: random-1.1@sha256:7b67624fd76ddf97c206de0801dc7e888097e9d572974be9b9ea6551d76965df,1777
    pantry-tree:
      size: 637
      sha256: 14a1b01728c5584e87c9fa00746a66e28ffd89dd2c0eabd334c8463953496e1b
  original:
    hackage: random-1.1
snapshots:
- completed:
    size: 524154
    url: https://raw.githubusercontent.com/commercialhaskell/stackage-snapshots/master/lts/14/20.yaml
    sha256: 2f5099f69ddb6abfe64400fe1e6a604e8e628f55e6837211cd70a81eb0a8fa4d
  original: lts-14.20
